
Microsoft Visual Studio Solution File, Format Version 12.00
# Visual Studio Version 16
VisualStudioVersion = 16.0.31205.134
MinimumVisualStudioVersion = 10.0.40219.1
Project("{9A19103F-16F7-4668-BE54-9A1E7A4F7556}") = "GamerRoom.API", "GamerRoom.API\GamerRoom.API.csproj", "{425C34A6-7372-4F3E-921F-D452213718D2}"
EndProject
Project("{FAE04EC0-301F-11D3-BF4B-00C04F79EFBC}") = "GamerRoom.SITE", "GamerRoom.SITE\GamerRoom.SITE.csproj", "{56E17300-531F-46DF-9C31-4332E42FB4EA}"
EndProject
Global
	GlobalSection(SolutionConfigurationPlatforms) = preSolution
		Debug|Any CPU = Debug|Any CPU
		Release|Any CPU = Release|Any CPU
	EndGlobalSection
	GlobalSection(ProjectConfigurationPlatforms) = postSolution
		{425C34A6-7372-4F3E-921F-D452213718D2}.Debug|Any CPU.ActiveCfg = Debug|Any CPU
		{425C34A6-7372-4F3E-921F-D452213718D2}.Debug|Any CPU.Build.0 = Debug|Any CPU
		{425C34A6-7372-4F3E-921F-D452213718D2}.Release|Any CPU.ActiveCfg = Release|Any CPU
		{425C34A6-7372-4F3E-921F-D452213718D2}.Release|Any CPU.Build.0 = Release|Any CPU
		{56E17300-531F-46DF-9C31-4332E42FB4EA}.Debug|Any CPU.ActiveCfg = Debug|Any CPU
		{56E17300-531F-46DF-9C31-4332E42FB4EA}.Debug|Any CPU.Build.0 = Debug|Any CPU
		{56E17300-531F-46DF-9C31-4332E42FB4EA}.Release|Any CPU.ActiveCfg = Release|Any CPU
		{56E17300-531F-46DF-9C31-4332E42FB4EA}.Release|Any CPU.Build.0 = Release|Any CPU
	EndGlobalSection
	GlobalSection(SolutionProperties) = preSolution
		HideSolutionNode = FALSE
	EndGlobalSection
	GlobalSection(ExtensibilityGlobals) = postSolution
		SolutionGuid = {CAFC64C6-72E4-45C9-A736-208D0248DC36}
	EndGlobalSection
EndGlobal
